
Microsoft Visual Studio Solution File, Format Version 12.00
# Visual Studio 15
VisualStudioVersion = 15.0.27130.2036
MinimumVisualStudioVersion = 10.0.40219.1
Project("{8BC9CEB8-8B4A-11D0-8D11-00A0C91BC942}") = "_ProjectTemplate", "Projects\_ProjectTemplate\_ProjectTemplate.vcxproj", "{DBDA5CAB-690D-44C5-8A99-4BC1C53593BC}"
EndProject
Project("{8BC9CEB8-8B4A-11D0-8D11-00A0C91BC942}") = "DrakMath", "Projects\DrakMath\DrakMath.vcxproj", "{D9BE413D-E677-48AA-B0E9-6F1B91F59367}"
EndProject
Project("{8BC9CEB8-8B4A-11D0-8D11-00A0C91BC942}") = "ResourceManager", "Projects\ResourceManager\ResourceManager.vcxproj", "{A8101317-50C5-44E7-B9C1-A15E68DD03BE}"
EndProject
Project("{8BC9CEB8-8B4A-11D0-8D11-00A0C91BC942}") = "IniLoader", "Projects\IniLoader\IniLoader.vcxproj", "{9C7C677F-F5A7-4E19-A6AD-DA14A6396ABE}"
EndProject
Global
	GlobalSection(SolutionConfigurationPlatforms) = preSolution
		Debug|x64 = Debug|x64
		Debug|x86 = Debug|x86
		Release|x64 = Release|x64
		Release|x86 = Release|x86
	EndGlobalSection
	GlobalSection(ProjectConfigurationPlatforms) = postSolution
		{DBDA5CAB-690D-44C5-8A99-4BC1C53593BC}.Debug|x64.ActiveCfg = Debug|x64
		{DBDA5CAB-690D-44C5-8A99-4BC1C53593BC}.Debug|x64.Build.0 = Debug|x64
		{DBDA5CAB-690D-44C5-8A99-4BC1C53593BC}.Debug|x86.ActiveCfg = Debug|Win32
		{DBDA5CAB-690D-44C5-8A99-4BC1C53593BC}.Debug|x86.Build.0 = Debug|Win32
		{DBDA5CAB-690D-44C5-8A99-4BC1C53593BC}.Release|x64.ActiveCfg = Release|x64
		{DBDA5CAB-690D-44C5-8A99-4BC1C53593BC}.Release|x64.Build.0 = Release|x64
		{DBDA5CAB-690D-44C5-8A99-4BC1C53593BC}.Release|x86.ActiveCfg = Release|Win32
		{DBDA5CAB-690D-44C5-8A99-4BC1C53593BC}.Release|x86.Build.0 = Release|Win32
		{D9BE413D-E677-48AA-B0E9-6F1B91F59367}.Debug|x64.ActiveCfg = Debug|x64
		{D9BE413D-E677-48AA-B0E9-6F1B91F59367}.Debug|x64.Build.0 = Debug|x64
		{D9BE413D-E677-48AA-B0E9-6F1B91F59367}.Debug|x86.ActiveCfg = Debug|Win32
		{D9BE413D-E677-48AA-B0E9-6F1B91F59367}.Debug|x86.Build.0 = Debug|Win32
		{D9BE413D-E677-48AA-B0E9-6F1B91F59367}.Release|x64.ActiveCfg = Release|x64
		{D9BE413D-E677-48AA-B0E9-6F1B91F59367}.Release|x64.Build.0 = Release|x64
		{D9BE413D-E677-48AA-B0E9-6F1B91F59367}.Release|x86.ActiveCfg = Release|Win32
		{D9BE413D-E677-48AA-B0E9-6F1B91F59367}.Release|x86.Build.0 = Release|Win32
		{A8101317-50C5-44E7-B9C1-A15E68DD03BE}.Debug|x64.ActiveCfg = Debug|x64
		{A8101317-50C5-44E7-B9C1-A15E68DD03BE}.Debug|x64.Build.0 = Debug|x64
		{A8101317-50C5-44E7-B9C1-A15E68DD03BE}.Debug|x86.ActiveCfg = Debug|Win32
		{A8101317-50C5-44E7-B9C1-A15E68DD03BE}.Debug|x86.Build.0 = Debug|Win32
		{A8101317-50C5-44E7-B9C1-A15E68DD03BE}.Release|x64.ActiveCfg = Release|x64
		{A8101317-50C5-44E7-B9C1-A15E68DD03BE}.Release|x64.Build.0 = Release|x64
		{A8101317-50C5-44E7-B9C1-A15E68DD03BE}.Release|x86.ActiveCfg = Release|Win32
		{A8101317-50C5-44E7-B9C1-A15E68DD03BE}.Release|x86.Build.0 = Release|Win32
		{9C7C677F-F5A7-4E19-A6AD-DA14A6396ABE}.Debug|x64.ActiveCfg = Debug|x64
		{9C7C677F-F5A7-4E19-A6AD-DA14A6396ABE}.Debug|x64.Build.0 = Debug|x64
		{9C7C677F-F5A7-4E19-A6AD-DA14A6396ABE}.Debug|x86.ActiveCfg = Debug|Win32
		{9C7C677F-F5A7-4E19-A6AD-DA14A6396ABE}.Debug|x86.Build.0 = Debug|Win32
		{9C7C677F-F5A7-4E19-A6AD-DA14A6396ABE}.Release|x64.ActiveCfg = Release|x64
		{9C7C677F-F5A7-4E19-A6AD-DA14A6396ABE}.Release|x64.Build.0 = Release|x64
		{9C7C677F-F5A7-4E19-A6AD-DA14A6396ABE}.Release|x86.ActiveCfg = Release|Win32
		{9C7C677F-F5A7-4E19-A6AD-DA14A6396ABE}.Release|x86.Build.0 = Release|Win32
	EndGlobalSection
	GlobalSection(SolutionProperties) = preSolution
		HideSolutionNode = FALSE
	EndGlobalSection
	GlobalSection(ExtensibilityGlobals) = postSolution
		SolutionGuid = {3BA56F71-5C17-4A4B-8241-48619F2A268C}
	EndGlobalSection
EndGlobal
