
Microsoft Visual Studio Solution File, Format Version 12.00
# Visual Studio 15
VisualStudioVersion = 15.0.27130.2036
MinimumVisualStudioVersion = 10.0.40219.1
Project("{8BC9CEB8-8B4A-11D0-8D11-00A0C91BC942}") = "_ProjectTemplate", "Projects\_ProjectTemplate\_ProjectTemplate.vcxproj", "{DBDA5CAB-690D-44C5-8A99-4BC1C53593BC}"
EndProject
Project("{8BC9CEB8-8B4A-11D0-8D11-00A0C91BC942}") = "DrakMath", "Projects\DrakMath\DrakMath.vcxproj", "{D9BE413D-E677-48AA-B0E9-6F1B91F59367}"
	ProjectSection(ProjectDependencies) = postProject
		{C02319EC-3496-4CB0-9FF5-CF10A556C1EE} = {C02319EC-3496-4CB0-9FF5-CF10A556C1EE}
	EndProjectSection
EndProject
Project("{8BC9CEB8-8B4A-11D0-8D11-00A0C91BC942}") = "DrakCore", "Projects\DrakCore\DrakCore.vcxproj", "{FD7C1D45-09AF-4016-8ADB-A274F7C48DCC}"
	ProjectSection(ProjectDependencies) = postProject
		{CCCCA1BE-A5A1-4F1A-9EEF-9E62F2CC0434} = {CCCCA1BE-A5A1-4F1A-9EEF-9E62F2CC0434}
		{C02319EC-3496-4CB0-9FF5-CF10A556C1EE} = {C02319EC-3496-4CB0-9FF5-CF10A556C1EE}
	EndProjectSection
EndProject
Project("{8BC9CEB8-8B4A-11D0-8D11-00A0C91BC942}") = "Game", "Projects\Game\Game.vcxproj", "{DEBC86C9-14A4-475D-B69E-650408DF141A}"
	ProjectSection(ProjectDependencies) = postProject
		{BE86A7B7-8A1E-4BA0-8EB7-213BCAFA89B8} = {BE86A7B7-8A1E-4BA0-8EB7-213BCAFA89B8}
		{CCCCA1BE-A5A1-4F1A-9EEF-9E62F2CC0434} = {CCCCA1BE-A5A1-4F1A-9EEF-9E62F2CC0434}
	EndProjectSection
EndProject
Project("{8BC9CEB8-8B4A-11D0-8D11-00A0C91BC942}") = "DrakVideo", "Projects\DrakVideo\DrakVideo.vcxproj", "{4777D9A5-56EA-4560-991A-865DC8E98FDC}"
	ProjectSection(ProjectDependencies) = postProject
		{2AA57F66-23EF-48B7-A476-12EDEFBE470F} = {2AA57F66-23EF-48B7-A476-12EDEFBE470F}
		{C02319EC-3496-4CB0-9FF5-CF10A556C1EE} = {C02319EC-3496-4CB0-9FF5-CF10A556C1EE}
	EndProjectSection
EndProject
Project("{8BC9CEB8-8B4A-11D0-8D11-00A0C91BC942}") = "Log", "Projects\Log\Log.vcxproj", "{CCCCA1BE-A5A1-4F1A-9EEF-9E62F2CC0434}"
	ProjectSection(ProjectDependencies) = postProject
		{C02319EC-3496-4CB0-9FF5-CF10A556C1EE} = {C02319EC-3496-4CB0-9FF5-CF10A556C1EE}
	EndProjectSection
EndProject
Project("{8BC9CEB8-8B4A-11D0-8D11-00A0C91BC942}") = "DrakThreading", "Projects\DrakThreading\DrakThreading.vcxproj", "{C7E5D990-A700-4830-BBAD-E41600D1125C}"
	ProjectSection(ProjectDependencies) = postProject
		{FD7C1D45-09AF-4016-8ADB-A274F7C48DCC} = {FD7C1D45-09AF-4016-8ADB-A274F7C48DCC}
		{CCCCA1BE-A5A1-4F1A-9EEF-9E62F2CC0434} = {CCCCA1BE-A5A1-4F1A-9EEF-9E62F2CC0434}
		{C02319EC-3496-4CB0-9FF5-CF10A556C1EE} = {C02319EC-3496-4CB0-9FF5-CF10A556C1EE}
	EndProjectSection
EndProject
Project("{8BC9CEB8-8B4A-11D0-8D11-00A0C91BC942}") = "DrakEngine", "Projects\DrakEngine\DrakEngine.vcxproj", "{BE86A7B7-8A1E-4BA0-8EB7-213BCAFA89B8}"
	ProjectSection(ProjectDependencies) = postProject
		{A8101317-50C5-44E7-B9C1-A15E68DD03BE} = {A8101317-50C5-44E7-B9C1-A15E68DD03BE}
		{D9BE413D-E677-48AA-B0E9-6F1B91F59367} = {D9BE413D-E677-48AA-B0E9-6F1B91F59367}
		{CA4B903D-A2BB-4EB1-922B-50C7A83B07C4} = {CA4B903D-A2BB-4EB1-922B-50C7A83B07C4}
		{FD7C1D45-09AF-4016-8ADB-A274F7C48DCC} = {FD7C1D45-09AF-4016-8ADB-A274F7C48DCC}
		{2AA57F66-23EF-48B7-A476-12EDEFBE470F} = {2AA57F66-23EF-48B7-A476-12EDEFBE470F}
		{C7E5D990-A700-4830-BBAD-E41600D1125C} = {C7E5D990-A700-4830-BBAD-E41600D1125C}
		{4777D9A5-56EA-4560-991A-865DC8E98FDC} = {4777D9A5-56EA-4560-991A-865DC8E98FDC}
		{CCCCA1BE-A5A1-4F1A-9EEF-9E62F2CC0434} = {CCCCA1BE-A5A1-4F1A-9EEF-9E62F2CC0434}
		{C02319EC-3496-4CB0-9FF5-CF10A556C1EE} = {C02319EC-3496-4CB0-9FF5-CF10A556C1EE}
	EndProjectSection
EndProject
Project("{8BC9CEB8-8B4A-11D0-8D11-00A0C91BC942}") = "DrakSerialization", "Projects\DrakSerialization\DrakSerialization.vcxproj", "{CA4B903D-A2BB-4EB1-922B-50C7A83B07C4}"
	ProjectSection(ProjectDependencies) = postProject
		{FD7C1D45-09AF-4016-8ADB-A274F7C48DCC} = {FD7C1D45-09AF-4016-8ADB-A274F7C48DCC}
		{CCCCA1BE-A5A1-4F1A-9EEF-9E62F2CC0434} = {CCCCA1BE-A5A1-4F1A-9EEF-9E62F2CC0434}
		{C02319EC-3496-4CB0-9FF5-CF10A556C1EE} = {C02319EC-3496-4CB0-9FF5-CF10A556C1EE}
	EndProjectSection
EndProject
Project("{8BC9CEB8-8B4A-11D0-8D11-00A0C91BC942}") = "DrakWindowing", "Projects\DrakWindowing\DrakWindowing.vcxproj", "{2AA57F66-23EF-48B7-A476-12EDEFBE470F}"
	ProjectSection(ProjectDependencies) = postProject
		{C02319EC-3496-4CB0-9FF5-CF10A556C1EE} = {C02319EC-3496-4CB0-9FF5-CF10A556C1EE}
	EndProjectSection
EndProject
Project("{8BC9CEB8-8B4A-11D0-8D11-00A0C91BC942}") = "DrakAPI", "Projects\DrakAPI\DrakAPI.vcxproj", "{C02319EC-3496-4CB0-9FF5-CF10A556C1EE}"
EndProject
Project("{8BC9CEB8-8B4A-11D0-8D11-00A0C91BC942}") = "DrakResource", "Projects\DrakResource\DrakResource.vcxproj", "{A8101317-50C5-44E7-B9C1-A15E68DD03BE}"
EndProject
Project("{8BC9CEB8-8B4A-11D0-8D11-00A0C91BC942}") = "DrakConverter", "Projects\DrakConverter\DrakConverter.vcxproj", "{6BD50E04-30E7-4672-8861-6404F32AF61B}"
	ProjectSection(ProjectDependencies) = postProject
		{CA4B903D-A2BB-4EB1-922B-50C7A83B07C4} = {CA4B903D-A2BB-4EB1-922B-50C7A83B07C4}
		{FD7C1D45-09AF-4016-8ADB-A274F7C48DCC} = {FD7C1D45-09AF-4016-8ADB-A274F7C48DCC}
		{C7E5D990-A700-4830-BBAD-E41600D1125C} = {C7E5D990-A700-4830-BBAD-E41600D1125C}
		{C02319EC-3496-4CB0-9FF5-CF10A556C1EE} = {C02319EC-3496-4CB0-9FF5-CF10A556C1EE}
	EndProjectSection
EndProject
Global
	GlobalSection(SolutionConfigurationPlatforms) = preSolution
		Debug|x64 = Debug|x64
		Debug|x86 = Debug|x86
		DebugStatic|x64 = DebugStatic|x64
		DebugStatic|x86 = DebugStatic|x86
		Release|x64 = Release|x64
		Release|x86 = Release|x86
		ReleaseStatic|x64 = ReleaseStatic|x64
		ReleaseStatic|x86 = ReleaseStatic|x86
	EndGlobalSection
	GlobalSection(ProjectConfigurationPlatforms) = postSolution
		{DBDA5CAB-690D-44C5-8A99-4BC1C53593BC}.Debug|x64.ActiveCfg = Debug|x64
		{DBDA5CAB-690D-44C5-8A99-4BC1C53593BC}.Debug|x86.ActiveCfg = Debug|Win32
		{DBDA5CAB-690D-44C5-8A99-4BC1C53593BC}.DebugStatic|x64.ActiveCfg = Debug|x64
		{DBDA5CAB-690D-44C5-8A99-4BC1C53593BC}.DebugStatic|x86.ActiveCfg = Debug|Win32
		{DBDA5CAB-690D-44C5-8A99-4BC1C53593BC}.Release|x64.ActiveCfg = Release|x64
		{DBDA5CAB-690D-44C5-8A99-4BC1C53593BC}.Release|x86.ActiveCfg = Release|Win32
		{DBDA5CAB-690D-44C5-8A99-4BC1C53593BC}.ReleaseStatic|x64.ActiveCfg = Release|x64
		{DBDA5CAB-690D-44C5-8A99-4BC1C53593BC}.ReleaseStatic|x86.ActiveCfg = Release|Win32
		{D9BE413D-E677-48AA-B0E9-6F1B91F59367}.Debug|x64.ActiveCfg = Debug|x64
		{D9BE413D-E677-48AA-B0E9-6F1B91F59367}.Debug|x64.Build.0 = Debug|x64
		{D9BE413D-E677-48AA-B0E9-6F1B91F59367}.Debug|x86.ActiveCfg = Debug|Win32
		{D9BE413D-E677-48AA-B0E9-6F1B91F59367}.Debug|x86.Build.0 = Debug|Win32
		{D9BE413D-E677-48AA-B0E9-6F1B91F59367}.DebugStatic|x64.ActiveCfg = Debug|x64
		{D9BE413D-E677-48AA-B0E9-6F1B91F59367}.DebugStatic|x86.ActiveCfg = Debug|Win32
		{D9BE413D-E677-48AA-B0E9-6F1B91F59367}.Release|x64.ActiveCfg = Release|x64
		{D9BE413D-E677-48AA-B0E9-6F1B91F59367}.Release|x64.Build.0 = Release|x64
		{D9BE413D-E677-48AA-B0E9-6F1B91F59367}.Release|x86.ActiveCfg = Release|Win32
		{D9BE413D-E677-48AA-B0E9-6F1B91F59367}.Release|x86.Build.0 = Release|Win32
		{D9BE413D-E677-48AA-B0E9-6F1B91F59367}.ReleaseStatic|x64.ActiveCfg = Release|x64
		{D9BE413D-E677-48AA-B0E9-6F1B91F59367}.ReleaseStatic|x86.ActiveCfg = Release|Win32
		{FD7C1D45-09AF-4016-8ADB-A274F7C48DCC}.Debug|x64.ActiveCfg = Debug|x64
		{FD7C1D45-09AF-4016-8ADB-A274F7C48DCC}.Debug|x64.Build.0 = Debug|x64
		{FD7C1D45-09AF-4016-8ADB-A274F7C48DCC}.Debug|x86.ActiveCfg = Debug|Win32
		{FD7C1D45-09AF-4016-8ADB-A274F7C48DCC}.Debug|x86.Build.0 = Debug|Win32
		{FD7C1D45-09AF-4016-8ADB-A274F7C48DCC}.DebugStatic|x64.ActiveCfg = Debug|x64
		{FD7C1D45-09AF-4016-8ADB-A274F7C48DCC}.DebugStatic|x86.ActiveCfg = Debug|Win32
		{FD7C1D45-09AF-4016-8ADB-A274F7C48DCC}.Release|x64.ActiveCfg = Release|x64
		{FD7C1D45-09AF-4016-8ADB-A274F7C48DCC}.Release|x64.Build.0 = Release|x64
		{FD7C1D45-09AF-4016-8ADB-A274F7C48DCC}.Release|x86.ActiveCfg = Release|Win32
		{FD7C1D45-09AF-4016-8ADB-A274F7C48DCC}.Release|x86.Build.0 = Release|Win32
		{FD7C1D45-09AF-4016-8ADB-A274F7C48DCC}.ReleaseStatic|x64.ActiveCfg = Release|x64
		{FD7C1D45-09AF-4016-8ADB-A274F7C48DCC}.ReleaseStatic|x86.ActiveCfg = Release|Win32
		{DEBC86C9-14A4-475D-B69E-650408DF141A}.Debug|x64.ActiveCfg = Debug|x64
		{DEBC86C9-14A4-475D-B69E-650408DF141A}.Debug|x64.Build.0 = Debug|x64
		{DEBC86C9-14A4-475D-B69E-650408DF141A}.Debug|x86.ActiveCfg = Debug|Win32
		{DEBC86C9-14A4-475D-B69E-650408DF141A}.Debug|x86.Build.0 = Debug|Win32
		{DEBC86C9-14A4-475D-B69E-650408DF141A}.DebugStatic|x64.ActiveCfg = Debug|x64
		{DEBC86C9-14A4-475D-B69E-650408DF141A}.DebugStatic|x86.ActiveCfg = Debug|Win32
		{DEBC86C9-14A4-475D-B69E-650408DF141A}.Release|x64.ActiveCfg = Release|x64
		{DEBC86C9-14A4-475D-B69E-650408DF141A}.Release|x64.Build.0 = Release|x64
		{DEBC86C9-14A4-475D-B69E-650408DF141A}.Release|x86.ActiveCfg = Release|Win32
		{DEBC86C9-14A4-475D-B69E-650408DF141A}.Release|x86.Build.0 = Release|Win32
		{DEBC86C9-14A4-475D-B69E-650408DF141A}.ReleaseStatic|x64.ActiveCfg = Release|x64
		{DEBC86C9-14A4-475D-B69E-650408DF141A}.ReleaseStatic|x86.ActiveCfg = Release|Win32
		{4777D9A5-56EA-4560-991A-865DC8E98FDC}.Debug|x64.ActiveCfg = Debug|x64
		{4777D9A5-56EA-4560-991A-865DC8E98FDC}.Debug|x64.Build.0 = Debug|x64
		{4777D9A5-56EA-4560-991A-865DC8E98FDC}.Debug|x86.ActiveCfg = Debug|Win32
		{4777D9A5-56EA-4560-991A-865DC8E98FDC}.Debug|x86.Build.0 = Debug|Win32
		{4777D9A5-56EA-4560-991A-865DC8E98FDC}.DebugStatic|x64.ActiveCfg = Debug|x64
		{4777D9A5-56EA-4560-991A-865DC8E98FDC}.DebugStatic|x86.ActiveCfg = Debug|Win32
		{4777D9A5-56EA-4560-991A-865DC8E98FDC}.Release|x64.ActiveCfg = Release|x64
		{4777D9A5-56EA-4560-991A-865DC8E98FDC}.Release|x64.Build.0 = Release|x64
		{4777D9A5-56EA-4560-991A-865DC8E98FDC}.Release|x86.ActiveCfg = Release|Win32
		{4777D9A5-56EA-4560-991A-865DC8E98FDC}.Release|x86.Build.0 = Release|Win32
		{4777D9A5-56EA-4560-991A-865DC8E98FDC}.ReleaseStatic|x64.ActiveCfg = Release|x64
		{4777D9A5-56EA-4560-991A-865DC8E98FDC}.ReleaseStatic|x86.ActiveCfg = Release|Win32
		{CCCCA1BE-A5A1-4F1A-9EEF-9E62F2CC0434}.Debug|x64.ActiveCfg = Debug|x64
		{CCCCA1BE-A5A1-4F1A-9EEF-9E62F2CC0434}.Debug|x64.Build.0 = Debug|x64
		{CCCCA1BE-A5A1-4F1A-9EEF-9E62F2CC0434}.Debug|x86.ActiveCfg = Debug|Win32
		{CCCCA1BE-A5A1-4F1A-9EEF-9E62F2CC0434}.Debug|x86.Build.0 = Debug|Win32
		{CCCCA1BE-A5A1-4F1A-9EEF-9E62F2CC0434}.DebugStatic|x64.ActiveCfg = Debug|x64
		{CCCCA1BE-A5A1-4F1A-9EEF-9E62F2CC0434}.DebugStatic|x86.ActiveCfg = Debug|Win32
		{CCCCA1BE-A5A1-4F1A-9EEF-9E62F2CC0434}.Release|x64.ActiveCfg = Release|x64
		{CCCCA1BE-A5A1-4F1A-9EEF-9E62F2CC0434}.Release|x64.Build.0 = Release|x64
		{CCCCA1BE-A5A1-4F1A-9EEF-9E62F2CC0434}.Release|x86.ActiveCfg = Release|Win32
		{CCCCA1BE-A5A1-4F1A-9EEF-9E62F2CC0434}.Release|x86.Build.0 = Release|Win32
		{CCCCA1BE-A5A1-4F1A-9EEF-9E62F2CC0434}.ReleaseStatic|x64.ActiveCfg = Release|x64
		{CCCCA1BE-A5A1-4F1A-9EEF-9E62F2CC0434}.ReleaseStatic|x86.ActiveCfg = Release|Win32
		{C7E5D990-A700-4830-BBAD-E41600D1125C}.Debug|x64.ActiveCfg = Debug|x64
		{C7E5D990-A700-4830-BBAD-E41600D1125C}.Debug|x64.Build.0 = Debug|x64
		{C7E5D990-A700-4830-BBAD-E41600D1125C}.Debug|x86.ActiveCfg = Debug|Win32
		{C7E5D990-A700-4830-BBAD-E41600D1125C}.Debug|x86.Build.0 = Debug|Win32
		{C7E5D990-A700-4830-BBAD-E41600D1125C}.DebugStatic|x64.ActiveCfg = Debug|x64
		{C7E5D990-A700-4830-BBAD-E41600D1125C}.DebugStatic|x86.ActiveCfg = Debug|Win32
		{C7E5D990-A700-4830-BBAD-E41600D1125C}.Release|x64.ActiveCfg = Release|x64
		{C7E5D990-A700-4830-BBAD-E41600D1125C}.Release|x64.Build.0 = Release|x64
		{C7E5D990-A700-4830-BBAD-E41600D1125C}.Release|x86.ActiveCfg = Release|Win32
		{C7E5D990-A700-4830-BBAD-E41600D1125C}.Release|x86.Build.0 = Release|Win32
		{C7E5D990-A700-4830-BBAD-E41600D1125C}.ReleaseStatic|x64.ActiveCfg = Release|x64
		{C7E5D990-A700-4830-BBAD-E41600D1125C}.ReleaseStatic|x86.ActiveCfg = Release|Win32
		{BE86A7B7-8A1E-4BA0-8EB7-213BCAFA89B8}.Debug|x64.ActiveCfg = Debug|x64
		{BE86A7B7-8A1E-4BA0-8EB7-213BCAFA89B8}.Debug|x64.Build.0 = Debug|x64
		{BE86A7B7-8A1E-4BA0-8EB7-213BCAFA89B8}.Debug|x86.ActiveCfg = Debug|Win32
		{BE86A7B7-8A1E-4BA0-8EB7-213BCAFA89B8}.Debug|x86.Build.0 = Debug|Win32
		{BE86A7B7-8A1E-4BA0-8EB7-213BCAFA89B8}.DebugStatic|x64.ActiveCfg = Debug|x64
		{BE86A7B7-8A1E-4BA0-8EB7-213BCAFA89B8}.DebugStatic|x86.ActiveCfg = Debug|Win32
		{BE86A7B7-8A1E-4BA0-8EB7-213BCAFA89B8}.Release|x64.ActiveCfg = Release|x64
		{BE86A7B7-8A1E-4BA0-8EB7-213BCAFA89B8}.Release|x64.Build.0 = Release|x64
		{BE86A7B7-8A1E-4BA0-8EB7-213BCAFA89B8}.Release|x86.ActiveCfg = Release|Win32
		{BE86A7B7-8A1E-4BA0-8EB7-213BCAFA89B8}.Release|x86.Build.0 = Release|Win32
		{BE86A7B7-8A1E-4BA0-8EB7-213BCAFA89B8}.ReleaseStatic|x64.ActiveCfg = Release|x64
		{BE86A7B7-8A1E-4BA0-8EB7-213BCAFA89B8}.ReleaseStatic|x86.ActiveCfg = Release|Win32
		{CA4B903D-A2BB-4EB1-922B-50C7A83B07C4}.Debug|x64.ActiveCfg = Debug|x64
		{CA4B903D-A2BB-4EB1-922B-50C7A83B07C4}.Debug|x64.Build.0 = Debug|x64
		{CA4B903D-A2BB-4EB1-922B-50C7A83B07C4}.Debug|x86.ActiveCfg = Debug|Win32
		{CA4B903D-A2BB-4EB1-922B-50C7A83B07C4}.Debug|x86.Build.0 = Debug|Win32
		{CA4B903D-A2BB-4EB1-922B-50C7A83B07C4}.DebugStatic|x64.ActiveCfg = Debug|x64
		{CA4B903D-A2BB-4EB1-922B-50C7A83B07C4}.DebugStatic|x86.ActiveCfg = Debug|Win32
		{CA4B903D-A2BB-4EB1-922B-50C7A83B07C4}.Release|x64.ActiveCfg = Release|x64
		{CA4B903D-A2BB-4EB1-922B-50C7A83B07C4}.Release|x64.Build.0 = Release|x64
		{CA4B903D-A2BB-4EB1-922B-50C7A83B07C4}.Release|x86.ActiveCfg = Release|Win32
		{CA4B903D-A2BB-4EB1-922B-50C7A83B07C4}.Release|x86.Build.0 = Release|Win32
		{CA4B903D-A2BB-4EB1-922B-50C7A83B07C4}.ReleaseStatic|x64.ActiveCfg = Release|x64
		{CA4B903D-A2BB-4EB1-922B-50C7A83B07C4}.ReleaseStatic|x86.ActiveCfg = Release|Win32
		{2AA57F66-23EF-48B7-A476-12EDEFBE470F}.Debug|x64.ActiveCfg = Debug|x64
		{2AA57F66-23EF-48B7-A476-12EDEFBE470F}.Debug|x64.Build.0 = Debug|x64
		{2AA57F66-23EF-48B7-A476-12EDEFBE470F}.Debug|x86.ActiveCfg = Debug|Win32
		{2AA57F66-23EF-48B7-A476-12EDEFBE470F}.Debug|x86.Build.0 = Debug|Win32
		{2AA57F66-23EF-48B7-A476-12EDEFBE470F}.DebugStatic|x64.ActiveCfg = Debug|x64
		{2AA57F66-23EF-48B7-A476-12EDEFBE470F}.DebugStatic|x86.ActiveCfg = Debug|Win32
		{2AA57F66-23EF-48B7-A476-12EDEFBE470F}.Release|x64.ActiveCfg = Release|x64
		{2AA57F66-23EF-48B7-A476-12EDEFBE470F}.Release|x64.Build.0 = Release|x64
		{2AA57F66-23EF-48B7-A476-12EDEFBE470F}.Release|x86.ActiveCfg = Release|Win32
		{2AA57F66-23EF-48B7-A476-12EDEFBE470F}.Release|x86.Build.0 = Release|Win32
		{2AA57F66-23EF-48B7-A476-12EDEFBE470F}.ReleaseStatic|x64.ActiveCfg = Release|x64
		{2AA57F66-23EF-48B7-A476-12EDEFBE470F}.ReleaseStatic|x86.ActiveCfg = Release|Win32
		{C02319EC-3496-4CB0-9FF5-CF10A556C1EE}.Debug|x64.ActiveCfg = Debug|x64
		{C02319EC-3496-4CB0-9FF5-CF10A556C1EE}.Debug|x64.Build.0 = Debug|x64
		{C02319EC-3496-4CB0-9FF5-CF10A556C1EE}.Debug|x86.ActiveCfg = Debug|Win32
		{C02319EC-3496-4CB0-9FF5-CF10A556C1EE}.Debug|x86.Build.0 = Debug|Win32
		{C02319EC-3496-4CB0-9FF5-CF10A556C1EE}.DebugStatic|x64.ActiveCfg = Debug|x64
		{C02319EC-3496-4CB0-9FF5-CF10A556C1EE}.DebugStatic|x86.ActiveCfg = Debug|Win32
		{C02319EC-3496-4CB0-9FF5-CF10A556C1EE}.Release|x64.ActiveCfg = Release|x64
		{C02319EC-3496-4CB0-9FF5-CF10A556C1EE}.Release|x64.Build.0 = Release|x64
		{C02319EC-3496-4CB0-9FF5-CF10A556C1EE}.Release|x86.ActiveCfg = Release|Win32
		{C02319EC-3496-4CB0-9FF5-CF10A556C1EE}.Release|x86.Build.0 = Release|Win32
		{C02319EC-3496-4CB0-9FF5-CF10A556C1EE}.ReleaseStatic|x64.ActiveCfg = Release|x64
		{C02319EC-3496-4CB0-9FF5-CF10A556C1EE}.ReleaseStatic|x86.ActiveCfg = Release|Win32
		{A8101317-50C5-44E7-B9C1-A15E68DD03BE}.Debug|x64.ActiveCfg = Debug|x64
		{A8101317-50C5-44E7-B9C1-A15E68DD03BE}.Debug|x64.Build.0 = Debug|x64
		{A8101317-50C5-44E7-B9C1-A15E68DD03BE}.Debug|x86.ActiveCfg = Debug|Win32
		{A8101317-50C5-44E7-B9C1-A15E68DD03BE}.Debug|x86.Build.0 = Debug|Win32
		{A8101317-50C5-44E7-B9C1-A15E68DD03BE}.DebugStatic|x64.ActiveCfg = Debug|x64
		{A8101317-50C5-44E7-B9C1-A15E68DD03BE}.DebugStatic|x86.ActiveCfg = Debug|Win32
		{A8101317-50C5-44E7-B9C1-A15E68DD03BE}.Release|x64.ActiveCfg = Release|x64
		{A8101317-50C5-44E7-B9C1-A15E68DD03BE}.Release|x64.Build.0 = Release|x64
		{A8101317-50C5-44E7-B9C1-A15E68DD03BE}.Release|x86.ActiveCfg = Release|Win32
		{A8101317-50C5-44E7-B9C1-A15E68DD03BE}.Release|x86.Build.0 = Release|Win32
		{A8101317-50C5-44E7-B9C1-A15E68DD03BE}.ReleaseStatic|x64.ActiveCfg = Release|x64
		{A8101317-50C5-44E7-B9C1-A15E68DD03BE}.ReleaseStatic|x86.ActiveCfg = Release|Win32
		{6BD50E04-30E7-4672-8861-6404F32AF61B}.Debug|x64.ActiveCfg = Debug|x64
		{6BD50E04-30E7-4672-8861-6404F32AF61B}.Debug|x64.Build.0 = Debug|x64
		{6BD50E04-30E7-4672-8861-6404F32AF61B}.Debug|x86.ActiveCfg = Debug|Win32
		{6BD50E04-30E7-4672-8861-6404F32AF61B}.Debug|x86.Build.0 = Debug|Win32
		{6BD50E04-30E7-4672-8861-6404F32AF61B}.DebugStatic|x64.ActiveCfg = DebugStatic|x64
		{6BD50E04-30E7-4672-8861-6404F32AF61B}.DebugStatic|x64.Build.0 = DebugStatic|x64
		{6BD50E04-30E7-4672-8861-6404F32AF61B}.DebugStatic|x86.ActiveCfg = DebugStatic|Win32
		{6BD50E04-30E7-4672-8861-6404F32AF61B}.DebugStatic|x86.Build.0 = DebugStatic|Win32
		{6BD50E04-30E7-4672-8861-6404F32AF61B}.Release|x64.ActiveCfg = Release|x64
		{6BD50E04-30E7-4672-8861-6404F32AF61B}.Release|x64.Build.0 = Release|x64
		{6BD50E04-30E7-4672-8861-6404F32AF61B}.Release|x86.ActiveCfg = Release|Win32
		{6BD50E04-30E7-4672-8861-6404F32AF61B}.Release|x86.Build.0 = Release|Win32
		{6BD50E04-30E7-4672-8861-6404F32AF61B}.ReleaseStatic|x64.ActiveCfg = ReleaseStatic|x64
		{6BD50E04-30E7-4672-8861-6404F32AF61B}.ReleaseStatic|x64.Build.0 = ReleaseStatic|x64
		{6BD50E04-30E7-4672-8861-6404F32AF61B}.ReleaseStatic|x86.ActiveCfg = ReleaseStatic|Win32
		{6BD50E04-30E7-4672-8861-6404F32AF61B}.ReleaseStatic|x86.Build.0 = ReleaseStatic|Win32
	EndGlobalSection
	GlobalSection(SolutionProperties) = preSolution
		HideSolutionNode = FALSE
	EndGlobalSection
	GlobalSection(ExtensibilityGlobals) = postSolution
		SolutionGuid = {3BA56F71-5C17-4A4B-8241-48619F2A268C}
	EndGlobalSection
EndGlobal
