<?xml version="1.0" encoding="utf-8"?>
<Project ToolsVersion="4.0" xmlns="http://schemas.microsoft.com/developer/msbuild/2003">
  <ItemGroup>
    <Filter Include="Source Files">
      <UniqueIdentifier>{4FC737F1-C7A5-4376-A066-2A32D752A2FF}</UniqueIdentifier>
      <Extensions>cpp;c;cc;cxx;def;odl;idl;hpj;bat;asm;asmx</Extensions>
    </Filter>
    <Filter Include="Header Files">
      <UniqueIdentifier>{93995380-89BD-4b04-88EB-625FBE52EBFB}</UniqueIdentifier>
      <Extensions>h;hh;hpp;hxx;hm;inl;inc;xsd</Extensions>
    </Filter>
    <Filter Include="Resource Files">
      <UniqueIdentifier>{67DA6AB6-F800-4c08-8B7A-83BB121AAD01}</UniqueIdentifier>
      <Extensions>rc;ico;cur;bmp;dlg;rc2;rct;bin;rgs;gif;jpg;jpeg;jpe;resx;tiff;tif;png;wav;mfcribbon-ms</Extensions>
    </Filter>
    <Filter Include="Header Files\Scene">
      <UniqueIdentifier>{6e6ff060-1a85-4249-9312-5162914494f2}</UniqueIdentifier>
    </Filter>
    <Filter Include="Source Files\Scene">
      <UniqueIdentifier>{1b83e92e-424e-47ab-afc6-9f5bd73ee4b5}</UniqueIdentifier>
    </Filter>
    <Filter Include="Header Files\Physics">
      <UniqueIdentifier>{a48ec3db-a5e0-49c0-87bb-9727f3c49233}</UniqueIdentifier>
    </Filter>
    <Filter Include="Source Files\Physics">
      <UniqueIdentifier>{640339f9-d2b5-414c-9a72-7b42bb3393b5}</UniqueIdentifier>
    </Filter>
    <Filter Include="Header Files\Components">
      <UniqueIdentifier>{06e309a5-1475-4848-b811-1fd8d6114cf5}</UniqueIdentifier>
    </Filter>
    <Filter Include="Source Files\Components">
      <UniqueIdentifier>{0e6ab990-8c74-4e48-aa6c-d0b18df44122}</UniqueIdentifier>
    </Filter>
  </ItemGroup>
  <ItemGroup>
    <ClCompile Include="..\..\Source\Engine\Physics\PhysicsSystem.cpp">
      <Filter>Source Files\Physics</Filter>
    </ClCompile>
    <ClCompile Include="..\..\Source\Engine\Engine.cpp">
      <Filter>Source Files</Filter>
    </ClCompile>
    <ClCompile Include="..\..\Source\Engine\Physics\SimulationEvent.cpp">
      <Filter>Source Files\Physics</Filter>
    </ClCompile>
    <ClCompile Include="..\..\Source\Engine\Scene\LevelSystem.cpp">
      <Filter>Source Files\Scene</Filter>
    </ClCompile>
    <ClCompile Include="..\..\Source\Engine\Components\TransformComponent.cpp">
      <Filter>Source Files\Components</Filter>
    </ClCompile>
  </ItemGroup>
  <ItemGroup>
    <ClInclude Include="..\..\Source\Engine\Engine.hpp">
      <Filter>Header Files</Filter>
    </ClInclude>
    <ClInclude Include="..\..\Source\Engine\Components\ModelComponent.hpp">
      <Filter>Header Files\Components</Filter>
    </ClInclude>
    <ClInclude Include="..\..\Source\Engine\Components\TransformComponent.hpp">
      <Filter>Header Files\Components</Filter>
    </ClInclude>
    <ClInclude Include="..\..\Source\Engine\Physics\PhysicsSystem.hpp">
      <Filter>Header Files\Physics</Filter>
    </ClInclude>
    <ClInclude Include="..\..\Source\Engine\Physics\SimulationEvent.hpp">
      <Filter>Header Files\Physics</Filter>
    </ClInclude>
    <ClInclude Include="..\..\Source\Engine\Components\Components.hpp">
      <Filter>Header Files\Components</Filter>
    </ClInclude>
    <ClInclude Include="..\..\Source\Engine\Scene\LevelSystem.hpp">
      <Filter>Header Files\Scene</Filter>
    </ClInclude>
    <ClInclude Include="..\..\Source\Engine\Scene\LevelSystemUtils.hpp">
      <Filter>Header Files\Scene</Filter>
    </ClInclude>
    <ClInclude Include="..\..\Source\Engine\Components\PhysicsComponents.hpp">
      <Filter>Header Files\Components</Filter>
    </ClInclude>
    <ClInclude Include="..\..\Source\Engine\CreateDerivative.hpp">
      <Filter>Header Files</Filter>
    </ClInclude>
    <ClInclude Include="..\..\Source\Engine\Components\ABehavior.hpp">
      <Filter>Header Files\Components</Filter>
    </ClInclude>
  </ItemGroup>
</Project>